
Microsoft Visual Studio Solution File, Format Version 12.00
# Visual Studio 15
VisualStudioVersion = 15.0.28307.421
MinimumVisualStudioVersion = 10.0.40219.1
Project("{00D1A9C2-B5F0-4AF3-8072-F6C62B433612}") = "DeliveryDatabase", "DeliveryDatabase\DeliveryDatabase.sqlproj", "{FE7DF8E8-EE2E-493C-85E8-A3D514F85D92}"
EndProject
Global
	GlobalSection(SolutionConfigurationPlatforms) = preSolution
		Debug|Any CPU = Debug|Any CPU
		Release|Any CPU = Release|Any CPU
	EndGlobalSection
	GlobalSection(ProjectConfigurationPlatforms) = postSolution
		{FE7DF8E8-EE2E-493C-85E8-A3D514F85D92}.Debug|Any CPU.ActiveCfg = Debug|Any CPU
		{FE7DF8E8-EE2E-493C-85E8-A3D514F85D92}.Debug|Any CPU.Build.0 = Debug|Any CPU
		{FE7DF8E8-EE2E-493C-85E8-A3D514F85D92}.Debug|Any CPU.Deploy.0 = Debug|Any CPU
		{FE7DF8E8-EE2E-493C-85E8-A3D514F85D92}.Release|Any CPU.ActiveCfg = Release|Any CPU
		{FE7DF8E8-EE2E-493C-85E8-A3D514F85D92}.Release|Any CPU.Build.0 = Release|Any CPU
		{FE7DF8E8-EE2E-493C-85E8-A3D514F85D92}.Release|Any CPU.Deploy.0 = Release|Any CPU
	EndGlobalSection
	GlobalSection(SolutionProperties) = preSolution
		HideSolutionNode = FALSE
	EndGlobalSection
	GlobalSection(ExtensibilityGlobals) = postSolution
		SolutionGuid = {8A483C4B-9176-4701-AE93-34209314E658}
	EndGlobalSection
EndGlobal
